PODS:
  - Alamofire (4.7.3)
  - Kingfisher (4.8.1)
  - SideMenu (4.0.0)

DEPENDENCIES:
  - Alamofire
  - Kingfisher
  - SideMenu

SPEC REPOS:
  https://github.com/cocoapods/specs.git:
    - Alamofire
    - Kingfisher
    - SideMenu

SPEC CHECKSUMS:
  Alamofire: c7287b6e5d7da964a70935e5db17046b7fde6568
  Kingfisher: 868c1149679a7ab6869be118faa9b5aed154aaf0
  SideMenu: 70ee5657df63ec3382660ec4ef470bf1cf5db07d

PODFILE CHECKSUM: b40e9fb89c33feaf12e37bb45593ddb479e6fc8b

COCOAPODS: 1.5.3
